
Microsoft Visual Studio Solution File, Format Version 12.00
# Visual Studio Version 17
VisualStudioVersion = 17.8.34322.80
MinimumVisualStudioVersion = 10.0.40219.1
Project("{FAE04EC0-301F-11D3-BF4B-00C04F79EFBC}") = "TutorialEventHandler", "TutorialEventHandler.csproj", "{15EFB376-50CE-44BE-A78E-ECCC28AD273D}"
EndProject
Global
	GlobalSection(SolutionConfigurationPlatforms) = preSolution
		Debug|Any CPU = Debug|Any CPU
		Release|Any CPU = Release|Any CPU
	EndGlobalSection
	GlobalSection(ProjectConfigurationPlatforms) = postSolution
		{15EFB376-50CE-44BE-A78E-ECCC28AD273D}.Debug|Any CPU.ActiveCfg = Debug|Any CPU
		{15EFB376-50CE-44BE-A78E-ECCC28AD273D}.Debug|Any CPU.Build.0 = Debug|Any CPU
		{15EFB376-50CE-44BE-A78E-ECCC28AD273D}.Release|Any CPU.ActiveCfg = Release|Any CPU
		{15EFB376-50CE-44BE-A78E-ECCC28AD273D}.Release|Any CPU.Build.0 = Release|Any CPU
	EndGlobalSection
	GlobalSection(SolutionProperties) = preSolution
		HideSolutionNode = FALSE
	EndGlobalSection
	GlobalSection(ExtensibilityGlobals) = postSolution
		SolutionGuid = {371D2C22-311B-4607-B9B4-E77EC2C141AB}
	EndGlobalSection
EndGlobal
